
Microsoft Visual Studio Solution File, Format Version 12.00
# Visual Studio Version 17
VisualStudioVersion = 17.0.31919.166
MinimumVisualStudioVersion = 10.0.40219.1
Project("{FAE04EC0-301F-11D3-BF4B-00C04F79EFBC}") = "RealTimeTasks.Web", "RealTimeTasks.Web\RealTimeTasks.Web.csproj", "{9F44D7E1-CD67-4A56-A233-9F244B7195D3}"
EndProject
Project("{FAE04EC0-301F-11D3-BF4B-00C04F79EFBC}") = "RealTimeTasks.Data", "RealTimeTasks.Data\RealTimeTasks.Data.csproj", "{6FA88EB5-1CB9-460A-AD22-32D5FBB98074}"
EndProject
Global
	GlobalSection(SolutionConfigurationPlatforms) = preSolution
		Debug|Any CPU = Debug|Any CPU
		Release|Any CPU = Release|Any CPU
	EndGlobalSection
	GlobalSection(ProjectConfigurationPlatforms) = postSolution
		{9F44D7E1-CD67-4A56-A233-9F244B7195D3}.Debug|Any CPU.ActiveCfg = Debug|Any CPU
		{9F44D7E1-CD67-4A56-A233-9F244B7195D3}.Debug|Any CPU.Build.0 = Debug|Any CPU
		{9F44D7E1-CD67-4A56-A233-9F244B7195D3}.Release|Any CPU.ActiveCfg = Release|Any CPU
		{9F44D7E1-CD67-4A56-A233-9F244B7195D3}.Release|Any CPU.Build.0 = Release|Any CPU
		{6FA88EB5-1CB9-460A-AD22-32D5FBB98074}.Debug|Any CPU.ActiveCfg = Debug|Any CPU
		{6FA88EB5-1CB9-460A-AD22-32D5FBB98074}.Debug|Any CPU.Build.0 = Debug|Any CPU
		{6FA88EB5-1CB9-460A-AD22-32D5FBB98074}.Release|Any CPU.ActiveCfg = Release|Any CPU
		{6FA88EB5-1CB9-460A-AD22-32D5FBB98074}.Release|Any CPU.Build.0 = Release|Any CPU
	EndGlobalSection
	GlobalSection(SolutionProperties) = preSolution
		HideSolutionNode = FALSE
	EndGlobalSection
	GlobalSection(ExtensibilityGlobals) = postSolution
		SolutionGuid = {F15E31F1-35A1-494E-8E58-DFAB7BC636BA}
	EndGlobalSection
EndGlobal
